// !$*UTF8*$!
{
	archiveVersion = 1;
	classes = {
	};
	objectVersion = 50;
	objects = {

/* Begin PBXBuildFile section */
		842DB045220A7B010039F40B /* LuckyNotification.h in Headers */ = {isa = PBXBuildFile; fileRef = 842DB043220A7B010039F40B /* LuckyNotification.h */; settings = {ATTRIBUTES = (Public, ); }; };
		842DB078220A7B820039F40B /* NotificationView.swift in Sources */ = {isa = PBXBuildFile; fileRef = 842DB06F220A7B820039F40B /* NotificationView.swift */; };
		842DB079220A7B820039F40B /* Notification.swift in Sources */ = {isa = PBXBuildFile; fileRef = 842DB070220A7B820039F40B /* Notification.swift */; };
		842DB07A220A7B820039F40B /* NotificationInteractiveTransition.swift in Sources */ = {isa = PBXBuildFile; fileRef = 842DB072220A7B820039F40B /* NotificationInteractiveTransition.swift */; };
		842DB07B220A7B820039F40B /* NotificationTransitionAnimator.swift in Sources */ = {isa = PBXBuildFile; fileRef = 842DB073220A7B820039F40B /* NotificationTransitionAnimator.swift */; };
		842DB07C220A7B820039F40B /* NotificationTransisitonManager.swift in Sources */ = {isa = PBXBuildFile; fileRef = 842DB074220A7B820039F40B /* NotificationTransisitonManager.swift */; };
		842DB07D220A7B820039F40B /* NotificationPresentationController.swift in Sources */ = {isa = PBXBuildFile; fileRef = 842DB075220A7B820039F40B /* NotificationPresentationController.swift */; };
		842DB07E220A7B820039F40B /* NotificationViewController.swift in Sources */ = {isa = PBXBuildFile; fileRef = 842DB076220A7B820039F40B /* NotificationViewController.swift */; };
		842DB07F220A7B820039F40B /* LuckyNotification.swift in Sources */ = {isa = PBXBuildFile; fileRef = 842DB077220A7B820039F40B /* LuckyNotification.swift */; };
		842DB08F220A7E830039F40B /* NotificationConfiguration.swift in Sources */ = {isa = PBXBuildFile; fileRef = 842DB08E220A7E830039F40B /* NotificationConfiguration.swift */; };
		842DB092220B3B8D0039F40B /* PassthroughView.swift in Sources */ = {isa = PBXBuildFile; fileRef = 842DB091220B3B8D0039F40B /* PassthroughView.swift */; };
/* End PBXBuildFile section */

/* Begin PBXFileReference section */
		842DB040220A7B010039F40B /* LuckyNotification.framework */ = {isa = PBXFileReference; explicitFileType = wrapper.framework; includeInIndex = 0; path = LuckyNotification.framework; sourceTree = BUILT_PRODUCTS_DIR; };
		842DB043220A7B010039F40B /* LuckyNotification.h */ = {isa = PBXFileReference; lastKnownFileType = sourcecode.c.h; path = LuckyNotification.h; sourceTree = "<group>"; };
		842DB044220A7B010039F40B /* Info.plist */ = {isa = PBXFileReference; lastKnownFileType = text.plist.xml; path = Info.plist; sourceTree = "<group>"; };
		842DB06F220A7B820039F40B /* NotificationView.swift */ = {isa = PBXFileReference; fileEncoding = 4; lastKnownFileType = sourcecode.swift; path = NotificationView.swift; sourceTree = "<group>"; };
		842DB070220A7B820039F40B /* Notification.swift */ = {isa = PBXFileReference; fileEncoding = 4; lastKnownFileType = sourcecode.swift; path = Notification.swift; sourceTree = "<group>"; };
		842DB072220A7B820039F40B /* NotificationInteractiveTransition.swift */ = {isa = PBXFileReference; fileEncoding = 4; lastKnownFileType = sourcecode.swift; path = NotificationInteractiveTransition.swift; sourceTree = "<group>"; };
		842DB073220A7B820039F40B /* NotificationTransitionAnimator.swift */ = {isa = PBXFileReference; fileEncoding = 4; lastKnownFileType = sourcecode.swift; path = NotificationTransitionAnimator.swift; sourceTree = "<group>"; };
		842DB074220A7B820039F40B /* NotificationTransisitonManager.swift */ = {isa = PBXFileReference; fileEncoding = 4; lastKnownFileType = sourcecode.swift; path = NotificationTransisitonManager.swift; sourceTree = "<group>"; };
		842DB075220A7B820039F40B /* NotificationPresentationController.swift */ = {isa = PBXFileReference; fileEncoding = 4; lastKnownFileType = sourcecode.swift; path = NotificationPresentationController.swift; sourceTree = "<group>"; };
		842DB076220A7B820039F40B /* NotificationViewController.swift */ = {isa = PBXFileReference; fileEncoding = 4; lastKnownFileType = sourcecode.swift; path = NotificationViewController.swift; sourceTree = "<group>"; };
		842DB077220A7B820039F40B /* LuckyNotification.swift */ = {isa = PBXFileReference; fileEncoding = 4; lastKnownFileType = sourcecode.swift; path = LuckyNotification.swift; sourceTree = "<group>"; };
		842DB08E220A7E830039F40B /* NotificationConfiguration.swift */ = {isa = PBXFileReference; lastKnownFileType = sourcecode.swift; path = NotificationConfiguration.swift; sourceTree = "<group>"; };
		842DB091220B3B8D0039F40B /* PassthroughView.swift */ = {isa = PBXFileReference; lastKnownFileType = sourcecode.swift; path = PassthroughView.swift; sourceTree = "<group>"; };
/* End PBXFileReference section */

/* Begin PBXFrameworksBuildPhase section */
		842DB03D220A7B010039F40B /* Frameworks */ = {
			isa = PBXFrameworksBuildPhase;
			buildActionMask = 2147483647;
			files = (
			);
			runOnlyForDeploymentPostprocessing = 0;
		};
/* End PBXFrameworksBuildPhase section */

/* Begin PBXGroup section */
		842DB036220A7B000039F40B = {
			isa = PBXGroup;
			children = (
				842DB042220A7B010039F40B /* LuckyNotification */,
				842DB041220A7B010039F40B /* Products */,
			);
			sourceTree = "<group>";
		};
		842DB041220A7B010039F40B /* Products */ = {
			isa = PBXGroup;
			children = (
				842DB040220A7B010039F40B /* LuckyNotification.framework */,
			);
			name = Products;
			sourceTree = "<group>";
		};
		842DB042220A7B010039F40B /* LuckyNotification */ = {
			isa = PBXGroup;
			children = (
				842DB090220B3B1F0039F40B /* View */,
				842DB071220A7B820039F40B /* Transition */,
				842DB08E220A7E830039F40B /* NotificationConfiguration.swift */,
				842DB077220A7B820039F40B /* LuckyNotification.swift */,
				842DB070220A7B820039F40B /* Notification.swift */,
				842DB076220A7B820039F40B /* NotificationViewController.swift */,
				842DB043220A7B010039F40B /* LuckyNotification.h */,
				842DB044220A7B010039F40B /* Info.plist */,
			);
			path = LuckyNotification;
			sourceTree = "<group>";
		};
		842DB071220A7B820039F40B /* Transition */ = {
			isa = PBXGroup;
			children = (
				842DB072220A7B820039F40B /* NotificationInteractiveTransition.swift */,
				842DB073220A7B820039F40B /* NotificationTransitionAnimator.swift */,
				842DB074220A7B820039F40B /* NotificationTransisitonManager.swift */,
				842DB075220A7B820039F40B /* NotificationPresentationController.swift */,
			);
			path = Transition;
			sourceTree = "<group>";
		};
		842DB090220B3B1F0039F40B /* View */ = {
			isa = PBXGroup;
			children = (
				842DB06F220A7B820039F40B /* NotificationView.swift */,
				842DB091220B3B8D0039F40B /* PassthroughView.swift */,
			);
			path = View;
			sourceTree = "<group>";
		};
/* End PBXGroup section */

/* Begin PBXHeadersBuildPhase section */
		842DB03B220A7B010039F40B /* Headers */ = {
			isa = PBXHeadersBuildPhase;
			buildActionMask = 2147483647;
			files = (
				842DB045220A7B010039F40B /* LuckyNotification.h in Headers */,
			);
			runOnlyForDeploymentPostprocessing = 0;
		};
/* End PBXHeadersBuildPhase section */

/* Begin PBXNativeTarget section */
		842DB03F220A7B010039F40B /* LuckyNotification */ = {
			isa = PBXNativeTarget;
			buildConfigurationList = 842DB048220A7B010039F40B /* Build configuration list for PBXNativeTarget "LuckyNotification" */;
			buildPhases = (
				842DB03B220A7B010039F40B /* Headers */,
				842DB03C220A7B010039F40B /* Sources */,
				842DB03D220A7B010039F40B /* Frameworks */,
				842DB03E220A7B010039F40B /* Resources */,
			);
			buildRules = (
			);
			dependencies = (
			);
			name = LuckyNotification;
			productName = LuckyNotification;
			productReference = 842DB040220A7B010039F40B /* LuckyNotification.framework */;
			productType = "com.apple.product-type.framework";
		};
/* End PBXNativeTarget section */

/* Begin PBXProject section */
		842DB037220A7B000039F40B /* Project object */ = {
			isa = PBXProject;
			attributes = {
				LastUpgradeCheck = 1010;
				ORGANIZATIONNAME = "Lucky 13 Technologies, LLC";
				TargetAttributes = {
					842DB03F220A7B010039F40B = {
						CreatedOnToolsVersion = 10.1;
						LastSwiftMigration = 1010;
					};
				};
			};
			buildConfigurationList = 842DB03A220A7B000039F40B /* Build configuration list for PBXProject "LuckyNotification" */;
			compatibilityVersion = "Xcode 9.3";
			developmentRegion = en;
			hasScannedForEncodings = 0;
			knownRegions = (
				en,
			);
			mainGroup = 842DB036220A7B000039F40B;
			productRefGroup = 842DB041220A7B010039F40B /* Products */;
			projectDirPath = "";
			projectRoot = "";
			targets = (
				842DB03F220A7B010039F40B /* LuckyNotification */,
			);
		};
/* End PBXProject section */

/* Begin PBXResourcesBuildPhase section */
		842DB03E220A7B010039F40B /* Resources */ = {
			isa = PBXResourcesBuildPhase;
			buildActionMask = 2147483647;
			files = (
			);
			runOnlyForDeploymentPostprocessing = 0;
		};
/* End PBXResourcesBuildPhase section */

/* Begin PBXSourcesBuildPhase section */
		842DB03C220A7B010039F40B /* Sources */ = {
			isa = PBXSourcesBuildPhase;
			buildActionMask = 2147483647;
			files = (
				842DB07D220A7B820039F40B /* NotificationPresentationController.swift in Sources */,
				842DB092220B3B8D0039F40B /* PassthroughView.swift in Sources */,
				842DB07F220A7B820039F40B /* LuckyNotification.swift in Sources */,
				842DB07C220A7B820039F40B /* NotificationTransisitonManager.swift in Sources */,
				842DB07B220A7B820039F40B /* NotificationTransitionAnimator.swift in Sources */,
				842DB07E220A7B820039F40B /* NotificationViewController.swift in Sources */,
				842DB079220A7B820039F40B /* Notification.swift in Sources */,
				842DB07A220A7B820039F40B /* NotificationInteractiveTransition.swift in Sources */,
				842DB08F220A7E830039F40B /* NotificationConfiguration.swift in Sources */,
				842DB078220A7B820039F40B /* NotificationView.swift in Sources */,
			);
			runOnlyForDeploymentPostprocessing = 0;
		};
/* End PBXSourcesBuildPhase section */

/* Begin XCBuildConfiguration section */
		842DB046220A7B010039F40B /* Debug */ = {
			isa = XCBuildConfiguration;
			buildSettings = {
				ALWAYS_SEARCH_USER_PATHS = NO;
				CLANG_ANALYZER_NONNULL = YES;
				CLANG_ANALYZER_NUMBER_OBJECT_CONVERSION = YES_AGGRESSIVE;
				CLANG_CXX_LANGUAGE_STANDARD = "gnu++14";
				CLANG_CXX_LIBRARY = "libc++";
				CLANG_ENABLE_MODULES = YES;
				CLANG_ENABLE_OBJC_ARC = YES;
				CLANG_ENABLE_OBJC_WEAK = YES;
				CLANG_WARN_BLOCK_CAPTURE_AUTORELEASING = YES;
				CLANG_WARN_BOOL_CONVERSION = YES;
				CLANG_WARN_COMMA = YES;
				CLANG_WARN_CONSTANT_CONVERSION = YES;
				CLANG_WARN_DEPRECATED_OBJC_IMPLEMENTATIONS = YES;
				CLANG_WARN_DIRECT_OBJC_ISA_USAGE = YES_ERROR;
				CLANG_WARN_DOCUMENTATION_COMMENTS = YES;
				CLANG_WARN_EMPTY_BODY = YES;
				CLANG_WARN_ENUM_CONVERSION = YES;
				CLANG_WARN_INFINITE_RECURSION = YES;
				CLANG_WARN_INT_CONVERSION = YES;
				CLANG_WARN_NON_LITERAL_NULL_CONVERSION = YES;
				CLANG_WARN_OBJC_IMPLICIT_RETAIN_SELF = YES;
				CLANG_WARN_OBJC_LITERAL_CONVERSION = YES;
				CLANG_WARN_OBJC_ROOT_CLASS = YES_ERROR;
				CLANG_WARN_RANGE_LOOP_ANALYSIS = YES;
				CLANG_WARN_STRICT_PROTOTYPES = YES;
				CLANG_WARN_SUSPICIOUS_MOVE = YES;
				CLANG_WARN_UNGUARDED_AVAILABILITY = YES_AGGRESSIVE;
				CLANG_WARN_UNREACHABLE_CODE = YES;
				CLANG_WARN__DUPLICATE_METHOD_MATCH = YES;
				CODE_SIGN_IDENTITY = "iPhone Developer";
				COPY_PHASE_STRIP = NO;
				CURRENT_PROJECT_VERSION = 1;
				DEBUG_INFORMATION_FORMAT = dwarf;
				ENABLE_STRICT_OBJC_MSGSEND = YES;
				ENABLE_TESTABILITY = YES;
				GCC_C_LANGUAGE_STANDARD = gnu11;
				GCC_DYNAMIC_NO_PIC = NO;
				GCC_NO_COMMON_BLOCKS = YES;
				GCC_OPTIMIZATION_LEVEL = 0;
				GCC_PREPROCESSOR_DEFINITIONS = (
					"DEBUG=1",
					"$(inherited)",
				);
				GCC_WARN_64_TO_32_BIT_CONVERSION = YES;
				GCC_WARN_ABOUT_RETURN_TYPE = YES_ERROR;
				GCC_WARN_UNDECLARED_SELECTOR = YES;
				GCC_WARN_UNINITIALIZED_AUTOS = YES_AGGRESSIVE;
				GCC_WARN_UNUSED_FUNCTION = YES;
				GCC_WARN_UNUSED_VARIABLE = YES;
				IPHONEOS_DEPLOYMENT_TARGET = 12.1;
				MTL_ENABLE_DEBUG_INFO = INCLUDE_SOURCE;
				MTL_FAST_MATH = YES;
				ONLY_ACTIVE_ARCH = YES;
				SDKROOT = iphoneos;
				SWIFT_ACTIVE_COMPILATION_CONDITIONS = DEBUG;
				SWIFT_OPTIMIZATION_LEVEL = "-Onone";
				VERSIONING_SYSTEM = "apple-generic";
				VERSION_INFO_PREFIX = "";
			};
			name = Debug;
		};
		842DB047220A7B010039F40B /* Release */ = {
			isa = XCBuildConfiguration;
			buildSettings = {
				ALWAYS_SEARCH_USER_PATHS = NO;
				CLANG_ANALYZER_NONNULL = YES;
				CLANG_ANALYZER_NUMBER_OBJECT_CONVERSION = YES_AGGRESSIVE;
				CLANG_CXX_LANGUAGE_STANDARD = "gnu++14";
				CLANG_CXX_LIBRARY = "libc++";
				CLANG_ENABLE_MODULES = YES;
				CLANG_ENABLE_OBJC_ARC = YES;
				CLANG_ENABLE_OBJC_WEAK = YES;
				CLANG_WARN_BLOCK_CAPTURE_AUTORELEASING = YES;
				CLANG_WARN_BOOL_CONVERSION = YES;
				CLANG_WARN_COMMA = YES;
				CLANG_WARN_CONSTANT_CONVERSION = YES;
				CLANG_WARN_DEPRECATED_OBJC_IMPLEMENTATIONS = YES;
				CLANG_WARN_DIRECT_OBJC_ISA_USAGE = YES_ERROR;
				CLANG_WARN_DOCUMENTATION_COMMENTS = YES;
				CLANG_WARN_EMPTY_BODY = YES;
				CLANG_WARN_ENUM_CONVERSION = YES;
				CLANG_WARN_INFINITE_RECURSION = YES;
				CLANG_WARN_INT_CONVERSION = YES;
				CLANG_WARN_NON_LITERAL_NULL_CONVERSION = YES;
				CLANG_WARN_OBJC_IMPLICIT_RETAIN_SELF = YES;
				CLANG_WARN_OBJC_LITERAL_CONVERSION = YES;
				CLANG_WARN_OBJC_ROOT_CLASS = YES_ERROR;
				CLANG_WARN_RANGE_LOOP_ANALYSIS = YES;
				CLANG_WARN_STRICT_PROTOTYPES = YES;
				CLANG_WARN_SUSPICIOUS_MOVE = YES;
				CLANG_WARN_UNGUARDED_AVAILABILITY = YES_AGGRESSIVE;
				CLANG_WARN_UNREACHABLE_CODE = YES;
				CLANG_WARN__DUPLICATE_METHOD_MATCH = YES;
				CODE_SIGN_IDENTITY = "iPhone Developer";
				COPY_PHASE_STRIP = NO;
				CURRENT_PROJECT_VERSION = 1;
				DEBUG_INFORMATION_FORMAT = "dwarf-with-dsym";
				ENABLE_NS_ASSERTIONS = NO;
				ENABLE_STRICT_OBJC_MSGSEND = YES;
				GCC_C_LANGUAGE_STANDARD = gnu11;
				GCC_NO_COMMON_BLOCKS = YES;
				GCC_WARN_64_TO_32_BIT_CONVERSION = YES;
				GCC_WARN_ABOUT_RETURN_TYPE = YES_ERROR;
				GCC_WARN_UNDECLARED_SELECTOR = YES;
				GCC_WARN_UNINITIALIZED_AUTOS = YES_AGGRESSIVE;
				GCC_WARN_UNUSED_FUNCTION = YES;
				GCC_WARN_UNUSED_VARIABLE = YES;
				IPHONEOS_DEPLOYMENT_TARGET = 12.1;
				MTL_ENABLE_DEBUG_INFO = NO;
				MTL_FAST_MATH = YES;
				SDKROOT = iphoneos;
				SWIFT_COMPILATION_MODE = wholemodule;
				SWIFT_OPTIMIZATION_LEVEL = "-O";
				VALIDATE_PRODUCT = YES;
				VERSIONING_SYSTEM = "apple-generic";
				VERSION_INFO_PREFIX = "";
			};
			name = Release;
		};
		842DB049220A7B010039F40B /* Debug */ = {
			isa = XCBuildConfiguration;
			buildSettings = {
				CLANG_ENABLE_MODULES = YES;
				CODE_SIGN_IDENTITY = "";
				CODE_SIGN_STYLE = Automatic;
				DEFINES_MODULE = YES;
				DEVELOPMENT_TEAM = 8UV9BMHPZS;
				DYLIB_COMPATIBILITY_VERSION = 1;
				DYLIB_CURRENT_VERSION = 1;
				DYLIB_INSTALL_NAME_BASE = "@rpath";
				INFOPLIST_FILE = LuckyNotification/Info.plist;
				INSTALL_PATH = "$(LOCAL_LIBRARY_DIR)/Frameworks";
				IPHONEOS_DEPLOYMENT_TARGET = 10.0;
				LD_RUNPATH_SEARCH_PATHS = (
					"$(inherited)",
					"@executable_path/Frameworks",
					"@loader_path/Frameworks",
				);
				PRODUCT_BUNDLE_IDENTIFIER = technology.lucky13.LuckyNotification;
				PRODUCT_NAME = "$(TARGET_NAME:c99extidentifier)";
				SKIP_INSTALL = YES;
				SWIFT_OPTIMIZATION_LEVEL = "-Onone";
				SWIFT_VERSION = 4.2;
				TARGETED_DEVICE_FAMILY = "1,2";
			};
			name = Debug;
		};
		842DB04A220A7B010039F40B /* Release */ = {
			isa = XCBuildConfiguration;
			buildSettings = {
				CLANG_ENABLE_MODULES = YES;
				CODE_SIGN_IDENTITY = "";
				CODE_SIGN_STYLE = Automatic;
				DEFINES_MODULE = YES;
				DEVELOPMENT_TEAM = 8UV9BMHPZS;
				DYLIB_COMPATIBILITY_VERSION = 1;
				DYLIB_CURRENT_VERSION = 1;
				DYLIB_INSTALL_NAME_BASE = "@rpath";
				INFOPLIST_FILE = LuckyNotification/Info.plist;
				INSTALL_PATH = "$(LOCAL_LIBRARY_DIR)/Frameworks";
				IPHONEOS_DEPLOYMENT_TARGET = 10.0;
				LD_RUNPATH_SEARCH_PATHS = (
					"$(inherited)",
					"@executable_path/Frameworks",
					"@loader_path/Frameworks",
				);
				PRODUCT_BUNDLE_IDENTIFIER = technology.lucky13.LuckyNotification;
				PRODUCT_NAME = "$(TARGET_NAME:c99extidentifier)";
				SKIP_INSTALL = YES;
				SWIFT_VERSION = 4.2;
				TARGETED_DEVICE_FAMILY = "1,2";
			};
			name = Release;
		};
/* End XCBuildConfiguration section */

/* Begin XCConfigurationList section */
		842DB03A220A7B000039F40B /* Build configuration list for PBXProject "LuckyNotification" */ = {
			isa = XCConfigurationList;
			buildConfigurations = (
				842DB046220A7B010039F40B /* Debug */,
				842DB047220A7B010039F40B /* Release */,
			);
			defaultConfigurationIsVisible = 0;
			defaultConfigurationName = Release;
		};
		842DB048220A7B010039F40B /* Build configuration list for PBXNativeTarget "LuckyNotification" */ = {
			isa = XCConfigurationList;
			buildConfigurations = (
				842DB049220A7B010039F40B /* Debug */,
				842DB04A220A7B010039F40B /* Release */,
			);
			defaultConfigurationIsVisible = 0;
			defaultConfigurationName = Release;
		};
/* End XCConfigurationList section */
	};
	rootObject = 842DB037220A7B000039F40B /* Project object */;
}
